// !$*UTF8*$!
{
	archiveVersion = 1;
	classes = {
	};
	objectVersion = 50;
	objects = {

/* Begin PBXBuildFile section */
		47EF2731223705A400ECF305 /* AppDelegate.swift in Sources */ = {isa = PBXBuildFile; fileRef = 47EF2730223705A400ECF305 /* AppDelegate.swift */; };
		47EF2733223705A400ECF305 /* ViewController.swift in Sources */ = {isa = PBXBuildFile; fileRef = 47EF2732223705A400ECF305 /* ViewController.swift */; };
		47EF2736223705A400ECF305 /* Main.storyboard in Resources */ = {isa = PBXBuildFile; fileRef = 47EF2734223705A400ECF305 /* Main.storyboard */; };
		47EF2738223705A500ECF305 /* Assets.xcassets in Resources */ = {isa = PBXBuildFile; fileRef = 47EF2737223705A500ECF305 /* Assets.xcassets */; };
		47EF273B223705A500ECF305 /* LaunchScreen.storyboard in Resources */ = {isa = PBXBuildFile; fileRef = 47EF2739223705A500ECF305 /* LaunchScreen.storyboard */; };
		47EF2740223705A500ECF305 /* NoteDictate WatchKit App.app in Embed Watch Content */ = {isa = PBXBuildFile; fileRef = 47EF273F223705A500ECF305 /* NoteDictate WatchKit App.app */; };
		47EF2746223705A500ECF305 /* Interface.storyboard in Resources */ = {isa = PBXBuildFile; fileRef = 47EF2744223705A500ECF305 /* Interface.storyboard */; };
		47EF2748223705A600ECF305 /* Assets.xcassets in Resources */ = {isa = PBXBuildFile; fileRef = 47EF2747223705A600ECF305 /* Assets.xcassets */; };
		47EF274F223705A600ECF305 /* NoteDictate WatchKit Extension.appex in Embed App Extensions */ = {isa = PBXBuildFile; fileRef = 47EF274E223705A600ECF305 /* NoteDictate WatchKit Extension.appex */; settings = {ATTRIBUTES = (RemoveHeadersOnCopy, ); }; };
		47EF2754223705A600ECF305 /* InterfaceController.swift in Sources */ = {isa = PBXBuildFile; fileRef = 47EF2753223705A600ECF305 /* InterfaceController.swift */; };
		47EF2756223705A600ECF305 /* ExtensionDelegate.swift in Sources */ = {isa = PBXBuildFile; fileRef = 47EF2755223705A600ECF305 /* ExtensionDelegate.swift */; };
		47EF2758223705A700ECF305 /* Assets.xcassets in Resources */ = {isa = PBXBuildFile; fileRef = 47EF2757223705A700ECF305 /* Assets.xcassets */; };
		47EF2768223768BB00ECF305 /* NoteSelectRow.swift in Sources */ = {isa = PBXBuildFile; fileRef = 47EF2767223768BB00ECF305 /* NoteSelectRow.swift */; };
		47EF276A2237742500ECF305 /* DetailInterfaceController.swift in Sources */ = {isa = PBXBuildFile; fileRef = 47EF27692237742500ECF305 /* DetailInterfaceController.swift */; };
/* End PBXBuildFile section */

/* Begin PBXContainerItemProxy section */
		47EF2741223705A500ECF305 /* PBXContainerItemProxy */ = {
			isa = PBXContainerItemProxy;
			containerPortal = 47EF2725223705A400ECF305 /* Project object */;
			proxyType = 1;
			remoteGlobalIDString = 47EF273E223705A500ECF305;
			remoteInfo = "NoteDictate WatchKit App";
		};
		47EF2750223705A600ECF305 /* PBXContainerItemProxy */ = {
			isa = PBXContainerItemProxy;
			containerPortal = 47EF2725223705A400ECF305 /* Project object */;
			proxyType = 1;
			remoteGlobalIDString = 47EF274D223705A600ECF305;
			remoteInfo = "NoteDictate WatchKit Extension";
		};
/* End PBXContainerItemProxy section */

/* Begin PBXCopyFilesBuildPhase section */
		47EF275F223705A700ECF305 /* Embed App Extensions */ = {
			isa = PBXCopyFilesBuildPhase;
			buildActionMask = 2147483647;
			dstPath = "";
			dstSubfolderSpec = 13;
			files = (
				47EF274F223705A600ECF305 /* NoteDictate WatchKit Extension.appex in Embed App Extensions */,
			);
			name = "Embed App Extensions";
			runOnlyForDeploymentPostprocessing = 0;
		};
		47EF2763223705A700ECF305 /* Embed Watch Content */ = {
			isa = PBXCopyFilesBuildPhase;
			buildActionMask = 2147483647;
			dstPath = "$(CONTENTS_FOLDER_PATH)/Watch";
			dstSubfolderSpec = 16;
			files = (
				47EF2740223705A500ECF305 /* NoteDictate WatchKit App.app in Embed Watch Content */,
			);
			name = "Embed Watch Content";
			runOnlyForDeploymentPostprocessing = 0;
		};
/* End PBXCopyFilesBuildPhase section */

/* Begin PBXFileReference section */
		47EF272D223705A400ECF305 /* NoteDictate.app */ = {isa = PBXFileReference; explicitFileType = wrapper.application; includeInIndex = 0; path = NoteDictate.app; sourceTree = BUILT_PRODUCTS_DIR; };
		47EF2730223705A400ECF305 /* AppDelegate.swift */ = {isa = PBXFileReference; lastKnownFileType = sourcecode.swift; path = AppDelegate.swift; sourceTree = "<group>"; };
		47EF2732223705A400ECF305 /* ViewController.swift */ = {isa = PBXFileReference; lastKnownFileType = sourcecode.swift; path = ViewController.swift; sourceTree = "<group>"; };
		47EF2735223705A400ECF305 /* Base */ = {isa = PBXFileReference; lastKnownFileType = file.storyboard; name = Base; path = Base.lproj/Main.storyboard; sourceTree = "<group>"; };
		47EF2737223705A500ECF305 /* Assets.xcassets */ = {isa = PBXFileReference; lastKnownFileType = folder.assetcatalog; path = Assets.xcassets; sourceTree = "<group>"; };
		47EF273A223705A500ECF305 /* Base */ = {isa = PBXFileReference; lastKnownFileType = file.storyboard; name = Base; path = Base.lproj/LaunchScreen.storyboard; sourceTree = "<group>"; };
		47EF273C223705A500ECF305 /* Info.plist */ = {isa = PBXFileReference; lastKnownFileType = text.plist.xml; path = Info.plist; sourceTree = "<group>"; };
		47EF273F223705A500ECF305 /* NoteDictate WatchKit App.app */ = {isa = PBXFileReference; explicitFileType = wrapper.application; includeInIndex = 0; path = "NoteDictate WatchKit App.app"; sourceTree = BUILT_PRODUCTS_DIR; };
		47EF2745223705A500ECF305 /* Base */ = {isa = PBXFileReference; lastKnownFileType = file.storyboard; name = Base; path = Base.lproj/Interface.storyboard; sourceTree = "<group>"; };
		47EF2747223705A600ECF305 /* Assets.xcassets */ = {isa = PBXFileReference; lastKnownFileType = folder.assetcatalog; path = Assets.xcassets; sourceTree = "<group>"; };
		47EF2749223705A600ECF305 /* Info.plist */ = {isa = PBXFileReference; lastKnownFileType = text.plist.xml; path = Info.plist; sourceTree = "<group>"; };
		47EF274E223705A600ECF305 /* NoteDictate WatchKit Extension.appex */ = {isa = PBXFileReference; explicitFileType = "wrapper.app-extension"; includeInIndex = 0; path = "NoteDictate WatchKit Extension.appex"; sourceTree = BUILT_PRODUCTS_DIR; };
		47EF2753223705A600ECF305 /* InterfaceController.swift */ = {isa = PBXFileReference; lastKnownFileType = sourcecode.swift; path = InterfaceController.swift; sourceTree = "<group>"; };
		47EF2755223705A600ECF305 /* ExtensionDelegate.swift */ = {isa = PBXFileReference; lastKnownFileType = sourcecode.swift; path = ExtensionDelegate.swift; sourceTree = "<group>"; };
		47EF2757223705A700ECF305 /* Assets.xcassets */ = {isa = PBXFileReference; lastKnownFileType = folder.assetcatalog; path = Assets.xcassets; sourceTree = "<group>"; };
		47EF2759223705A700ECF305 /* Info.plist */ = {isa = PBXFileReference; lastKnownFileType = text.plist.xml; path = Info.plist; sourceTree = "<group>"; };
		47EF2767223768BB00ECF305 /* NoteSelectRow.swift */ = {isa = PBXFileReference; lastKnownFileType = sourcecode.swift; path = NoteSelectRow.swift; sourceTree = "<group>"; };
		47EF27692237742500ECF305 /* DetailInterfaceController.swift */ = {isa = PBXFileReference; lastKnownFileType = sourcecode.swift; path = DetailInterfaceController.swift; sourceTree = "<group>"; };
/* End PBXFileReference section */

/* Begin PBXFrameworksBuildPhase section */
		47EF272A223705A400ECF305 /* Frameworks */ = {
			isa = PBXFrameworksBuildPhase;
			buildActionMask = 2147483647;
			files = (
			);
			runOnlyForDeploymentPostprocessing = 0;
		};
		47EF274B223705A600ECF305 /* Frameworks */ = {
			isa = PBXFrameworksBuildPhase;
			buildActionMask = 2147483647;
			files = (
			);
			runOnlyForDeploymentPostprocessing = 0;
		};
/* End PBXFrameworksBuildPhase section */

/* Begin PBXGroup section */
		47EF2724223705A400ECF305 = {
			isa = PBXGroup;
			children = (
				47EF272F223705A400ECF305 /* NoteDictate */,
				47EF2743223705A500ECF305 /* NoteDictate WatchKit App */,
				47EF2752223705A600ECF305 /* NoteDictate WatchKit Extension */,
				47EF272E223705A400ECF305 /* Products */,
			);
			sourceTree = "<group>";
		};
		47EF272E223705A400ECF305 /* Products */ = {
			isa = PBXGroup;
			children = (
				47EF272D223705A400ECF305 /* NoteDictate.app */,
				47EF273F223705A500ECF305 /* NoteDictate WatchKit App.app */,
				47EF274E223705A600ECF305 /* NoteDictate WatchKit Extension.appex */,
			);
			name = Products;
			sourceTree = "<group>";
		};
		47EF272F223705A400ECF305 /* NoteDictate */ = {
			isa = PBXGroup;
			children = (
				47EF2730223705A400ECF305 /* AppDelegate.swift */,
				47EF2732223705A400ECF305 /* ViewController.swift */,
				47EF2734223705A400ECF305 /* Main.storyboard */,
				47EF2737223705A500ECF305 /* Assets.xcassets */,
				47EF2739223705A500ECF305 /* LaunchScreen.storyboard */,
				47EF273C223705A500ECF305 /* Info.plist */,
			);
			path = NoteDictate;
			sourceTree = "<group>";
		};
		47EF2743223705A500ECF305 /* NoteDictate WatchKit App */ = {
			isa = PBXGroup;
			children = (
				47EF2744223705A500ECF305 /* Interface.storyboard */,
				47EF2747223705A600ECF305 /* Assets.xcassets */,
				47EF2749223705A600ECF305 /* Info.plist */,
			);
			path = "NoteDictate WatchKit App";
			sourceTree = "<group>";
		};
		47EF2752223705A600ECF305 /* NoteDictate WatchKit Extension */ = {
			isa = PBXGroup;
			children = (
				47EF27692237742500ECF305 /* DetailInterfaceController.swift */,
				47EF2753223705A600ECF305 /* InterfaceController.swift */,
				47EF2767223768BB00ECF305 /* NoteSelectRow.swift */,
				47EF2755223705A600ECF305 /* ExtensionDelegate.swift */,
				47EF2757223705A700ECF305 /* Assets.xcassets */,
				47EF2759223705A700ECF305 /* Info.plist */,
			);
			path = "NoteDictate WatchKit Extension";
			sourceTree = "<group>";
		};
/* End PBXGroup section */

/* Begin PBXNativeTarget section */
		47EF272C223705A400ECF305 /* NoteDictate */ = {
			isa = PBXNativeTarget;
			buildConfigurationList = 47EF2764223705A700ECF305 /* Build configuration list for PBXNativeTarget "NoteDictate" */;
			buildPhases = (
				47EF2729223705A400ECF305 /* Sources */,
				47EF272A223705A400ECF305 /* Frameworks */,
				47EF272B223705A400ECF305 /* Resources */,
				47EF2763223705A700ECF305 /* Embed Watch Content */,
			);
			buildRules = (
			);
			dependencies = (
				47EF2742223705A500ECF305 /* PBXTargetDependency */,
			);
			name = NoteDictate;
			productName = NoteDictate;
			productReference = 47EF272D223705A400ECF305 /* NoteDictate.app */;
			productType = "com.apple.product-type.application";
		};
		47EF273E223705A500ECF305 /* NoteDictate WatchKit App */ = {
			isa = PBXNativeTarget;
			buildConfigurationList = 47EF2760223705A700ECF305 /* Build configuration list for PBXNativeTarget "NoteDictate WatchKit App" */;
			buildPhases = (
				47EF273D223705A500ECF305 /* Resources */,
				47EF275F223705A700ECF305 /* Embed App Extensions */,
			);
			buildRules = (
			);
			dependencies = (
				47EF2751223705A600ECF305 /* PBXTargetDependency */,
			);
			name = "NoteDictate WatchKit App";
			productName = "NoteDictate WatchKit App";
			productReference = 47EF273F223705A500ECF305 /* NoteDictate WatchKit App.app */;
			productType = "com.apple.product-type.application.watchapp2";
		};
		47EF274D223705A600ECF305 /* NoteDictate WatchKit Extension */ = {
			isa = PBXNativeTarget;
			buildConfigurationList = 47EF275C223705A700ECF305 /* Build configuration list for PBXNativeTarget "NoteDictate WatchKit Extension" */;
			buildPhases = (
				47EF274A223705A600ECF305 /* Sources */,
				47EF274B223705A600ECF305 /* Frameworks */,
				47EF274C223705A600ECF305 /* Resources */,
			);
			buildRules = (
			);
			dependencies = (
			);
			name = "NoteDictate WatchKit Extension";
			productName = "NoteDictate WatchKit Extension";
			productReference = 47EF274E223705A600ECF305 /* NoteDictate WatchKit Extension.appex */;
			productType = "com.apple.product-type.watchkit2-extension";
		};
/* End PBXNativeTarget section */

/* Begin PBXProject section */
		47EF2725223705A400ECF305 /* Project object */ = {
			isa = PBXProject;
			attributes = {
				LastSwiftUpdateCheck = 1010;
				LastUpgradeCheck = 1010;
				ORGANIZATIONNAME = "Charlie von Lehe";
				TargetAttributes = {
					47EF272C223705A400ECF305 = {
						CreatedOnToolsVersion = 10.1;
					};
					47EF273E223705A500ECF305 = {
						CreatedOnToolsVersion = 10.1;
					};
					47EF274D223705A600ECF305 = {
						CreatedOnToolsVersion = 10.1;
					};
				};
			};
			buildConfigurationList = 47EF2728223705A400ECF305 /* Build configuration list for PBXProject "NoteDictate" */;
			compatibilityVersion = "Xcode 9.3";
			developmentRegion = en;
			hasScannedForEncodings = 0;
			knownRegions = (
				en,
				Base,
			);
			mainGroup = 47EF2724223705A400ECF305;
			productRefGroup = 47EF272E223705A400ECF305 /* Products */;
			projectDirPath = "";
			projectRoot = "";
			targets = (
				47EF272C223705A400ECF305 /* NoteDictate */,
				47EF273E223705A500ECF305 /* NoteDictate WatchKit App */,
				47EF274D223705A600ECF305 /* NoteDictate WatchKit Extension */,
			);
		};
/* End PBXProject section */

/* Begin PBXResourcesBuildPhase section */
		47EF272B223705A400ECF305 /* Resources */ = {
			isa = PBXResourcesBuildPhase;
			buildActionMask = 2147483647;
			files = (
				47EF273B223705A500ECF305 /* LaunchScreen.storyboard in Resources */,
				47EF2738223705A500ECF305 /* Assets.xcassets in Resources */,
				47EF2736223705A400ECF305 /* Main.storyboard in Resources */,
			);
			runOnlyForDeploymentPostprocessing = 0;
		};
		47EF273D223705A500ECF305 /* Resources */ = {
			isa = PBXResourcesBuildPhase;
			buildActionMask = 2147483647;
			files = (
				47EF2748223705A600ECF305 /* Assets.xcassets in Resources */,
				47EF2746223705A500ECF305 /* Interface.storyboard in Resources */,
			);
			runOnlyForDeploymentPostprocessing = 0;
		};
		47EF274C223705A600ECF305 /* Resources */ = {
			isa = PBXResourcesBuildPhase;
			buildActionMask = 2147483647;
			files = (
				47EF2758223705A700ECF305 /* Assets.xcassets in Resources */,
			);
			runOnlyForDeploymentPostprocessing = 0;
		};
/* End PBXResourcesBuildPhase section */

/* Begin PBXSourcesBuildPhase section */
		47EF2729223705A400ECF305 /* Sources */ = {
			isa = PBXSourcesBuildPhase;
			buildActionMask = 2147483647;
			files = (
				47EF2733223705A400ECF305 /* ViewController.swift in Sources */,
				47EF2731223705A400ECF305 /* AppDelegate.swift in Sources */,
			);
			runOnlyForDeploymentPostprocessing = 0;
		};
		47EF274A223705A600ECF305 /* Sources */ = {
			isa = PBXSourcesBuildPhase;
			buildActionMask = 2147483647;
			files = (
				47EF2768223768BB00ECF305 /* NoteSelectRow.swift in Sources */,
				47EF2756223705A600ECF305 /* ExtensionDelegate.swift in Sources */,
				47EF276A2237742500ECF305 /* DetailInterfaceController.swift in Sources */,
				47EF2754223705A600ECF305 /* InterfaceController.swift in Sources */,
			);
			runOnlyForDeploymentPostprocessing = 0;
		};
/* End PBXSourcesBuildPhase section */

/* Begin PBXTargetDependency section */
		47EF2742223705A500ECF305 /* PBXTargetDependency */ = {
			isa = PBXTargetDependency;
			target = 47EF273E223705A500ECF305 /* NoteDictate WatchKit App */;
			targetProxy = 47EF2741223705A500ECF305 /* PBXContainerItemProxy */;
		};
		47EF2751223705A600ECF305 /* PBXTargetDependency */ = {
			isa = PBXTargetDependency;
			target = 47EF274D223705A600ECF305 /* NoteDictate WatchKit Extension */;
			targetProxy = 47EF2750223705A600ECF305 /* PBXContainerItemProxy */;
		};
/* End PBXTargetDependency section */

/* Begin PBXVariantGroup section */
		47EF2734223705A400ECF305 /* Main.storyboard */ = {
			isa = PBXVariantGroup;
			children = (
				47EF2735223705A400ECF305 /* Base */,
			);
			name = Main.storyboard;
			sourceTree = "<group>";
		};
		47EF2739223705A500ECF305 /* LaunchScreen.storyboard */ = {
			isa = PBXVariantGroup;
			children = (
				47EF273A223705A500ECF305 /* Base */,
			);
			name = LaunchScreen.storyboard;
			sourceTree = "<group>";
		};
		47EF2744223705A500ECF305 /* Interface.storyboard */ = {
			isa = PBXVariantGroup;
			children = (
				47EF2745223705A500ECF305 /* Base */,
			);
			name = Interface.storyboard;
			sourceTree = "<group>";
		};
/* End PBXVariantGroup section */

/* Begin XCBuildConfiguration section */
		47EF275A223705A700ECF305 /* Debug */ = {
			isa = XCBuildConfiguration;
			buildSettings = {
				ALWAYS_SEARCH_USER_PATHS = NO;
				CLANG_ANALYZER_NONNULL = YES;
				CLANG_ANALYZER_NUMBER_OBJECT_CONVERSION = YES_AGGRESSIVE;
				CLANG_CXX_LANGUAGE_STANDARD = "gnu++14";
				CLANG_CXX_LIBRARY = "libc++";
				CLANG_ENABLE_MODULES = YES;
				CLANG_ENABLE_OBJC_ARC = YES;
				CLANG_ENABLE_OBJC_WEAK = YES;
				CLANG_WARN_BLOCK_CAPTURE_AUTORELEASING = YES;
				CLANG_WARN_BOOL_CONVERSION = YES;
				CLANG_WARN_COMMA = YES;
				CLANG_WARN_CONSTANT_CONVERSION = YES;
				CLANG_WARN_DEPRECATED_OBJC_IMPLEMENTATIONS = YES;
				CLANG_WARN_DIRECT_OBJC_ISA_USAGE = YES_ERROR;
				CLANG_WARN_DOCUMENTATION_COMMENTS = YES;
				CLANG_WARN_EMPTY_BODY = YES;
				CLANG_WARN_ENUM_CONVERSION = YES;
				CLANG_WARN_INFINITE_RECURSION = YES;
				CLANG_WARN_INT_CONVERSION = YES;
				CLANG_WARN_NON_LITERAL_NULL_CONVERSION = YES;
				CLANG_WARN_OBJC_IMPLICIT_RETAIN_SELF = YES;
				CLANG_WARN_OBJC_LITERAL_CONVERSION = YES;
				CLANG_WARN_OBJC_ROOT_CLASS = YES_ERROR;
				CLANG_WARN_RANGE_LOOP_ANALYSIS = YES;
				CLANG_WARN_STRICT_PROTOTYPES = YES;
				CLANG_WARN_SUSPICIOUS_MOVE = YES;
				CLANG_WARN_UNGUARDED_AVAILABILITY = YES_AGGRESSIVE;
				CLANG_WARN_UNREACHABLE_CODE = YES;
				CLANG_WARN__DUPLICATE_METHOD_MATCH = YES;
				CODE_SIGN_IDENTITY = "iPhone Developer";
				COPY_PHASE_STRIP = NO;
				DEBUG_INFORMATION_FORMAT = dwarf;
				ENABLE_STRICT_OBJC_MSGSEND = YES;
				ENABLE_TESTABILITY = YES;
				GCC_C_LANGUAGE_STANDARD = gnu11;
				GCC_DYNAMIC_NO_PIC = NO;
				GCC_NO_COMMON_BLOCKS = YES;
				GCC_OPTIMIZATION_LEVEL = 0;
				GCC_PREPROCESSOR_DEFINITIONS = (
					"DEBUG=1",
					"$(inherited)",
				);
				GCC_WARN_64_TO_32_BIT_CONVERSION = YES;
				GCC_WARN_ABOUT_RETURN_TYPE = YES_ERROR;
				GCC_WARN_UNDECLARED_SELECTOR = YES;
				GCC_WARN_UNINITIALIZED_AUTOS = YES_AGGRESSIVE;
				GCC_WARN_UNUSED_FUNCTION = YES;
				GCC_WARN_UNUSED_VARIABLE = YES;
				IPHONEOS_DEPLOYMENT_TARGET = 12.1;
				MTL_ENABLE_DEBUG_INFO = INCLUDE_SOURCE;
				MTL_FAST_MATH = YES;
				ONLY_ACTIVE_ARCH = YES;
				SDKROOT = iphoneos;
				SWIFT_ACTIVE_COMPILATION_CONDITIONS = DEBUG;
				SWIFT_OPTIMIZATION_LEVEL = "-Onone";
			};
			name = Debug;
		};
		47EF275B223705A700ECF305 /* Release */ = {
			isa = XCBuildConfiguration;
			buildSettings = {
				ALWAYS_SEARCH_USER_PATHS = NO;
				CLANG_ANALYZER_NONNULL = YES;
				CLANG_ANALYZER_NUMBER_OBJECT_CONVERSION = YES_AGGRESSIVE;
				CLANG_CXX_LANGUAGE_STANDARD = "gnu++14";
				CLANG_CXX_LIBRARY = "libc++";
				CLANG_ENABLE_MODULES = YES;
				CLANG_ENABLE_OBJC_ARC = YES;
				CLANG_ENABLE_OBJC_WEAK = YES;
				CLANG_WARN_BLOCK_CAPTURE_AUTORELEASING = YES;
				CLANG_WARN_BOOL_CONVERSION = YES;
				CLANG_WARN_COMMA = YES;
				CLANG_WARN_CONSTANT_CONVERSION = YES;
				CLANG_WARN_DEPRECATED_OBJC_IMPLEMENTATIONS = YES;
				CLANG_WARN_DIRECT_OBJC_ISA_USAGE = YES_ERROR;
				CLANG_WARN_DOCUMENTATION_COMMENTS = YES;
				CLANG_WARN_EMPTY_BODY = YES;
				CLANG_WARN_ENUM_CONVERSION = YES;
				CLANG_WARN_INFINITE_RECURSION = YES;
				CLANG_WARN_INT_CONVERSION = YES;
				CLANG_WARN_NON_LITERAL_NULL_CONVERSION = YES;
				CLANG_WARN_OBJC_IMPLICIT_RETAIN_SELF = YES;
				CLANG_WARN_OBJC_LITERAL_CONVERSION = YES;
				CLANG_WARN_OBJC_ROOT_CLASS = YES_ERROR;
				CLANG_WARN_RANGE_LOOP_ANALYSIS = YES;
				CLANG_WARN_STRICT_PROTOTYPES = YES;
				CLANG_WARN_SUSPICIOUS_MOVE = YES;
				CLANG_WARN_UNGUARDED_AVAILABILITY = YES_AGGRESSIVE;
				CLANG_WARN_UNREACHABLE_CODE = YES;
				CLANG_WARN__DUPLICATE_METHOD_MATCH = YES;
				CODE_SIGN_IDENTITY = "iPhone Developer";
				COPY_PHASE_STRIP = NO;
				DEBUG_INFORMATION_FORMAT = "dwarf-with-dsym";
				ENABLE_NS_ASSERTIONS = NO;
				ENABLE_STRICT_OBJC_MSGSEND = YES;
				GCC_C_LANGUAGE_STANDARD = gnu11;
				GCC_NO_COMMON_BLOCKS = YES;
				GCC_WARN_64_TO_32_BIT_CONVERSION = YES;
				GCC_WARN_ABOUT_RETURN_TYPE = YES_ERROR;
				GCC_WARN_UNDECLARED_SELECTOR = YES;
				GCC_WARN_UNINITIALIZED_AUTOS = YES_AGGRESSIVE;
				GCC_WARN_UNUSED_FUNCTION = YES;
				GCC_WARN_UNUSED_VARIABLE = YES;
				IPHONEOS_DEPLOYMENT_TARGET = 12.1;
				MTL_ENABLE_DEBUG_INFO = NO;
				MTL_FAST_MATH = YES;
				SDKROOT = iphoneos;
				SWIFT_COMPILATION_MODE = wholemodule;
				SWIFT_OPTIMIZATION_LEVEL = "-O";
				VALIDATE_PRODUCT = YES;
			};
			name = Release;
		};
		47EF275D223705A700ECF305 /* Debug */ = {
			isa = XCBuildConfiguration;
			buildSettings = {
				ASSETCATALOG_COMPILER_COMPLICATION_NAME = Complication;
				CODE_SIGN_STYLE = Automatic;
				DEVELOPMENT_TEAM = 4H6FD62WT7;
				INFOPLIST_FILE = "NoteDictate WatchKit Extension/Info.plist";
				LD_RUNPATH_SEARCH_PATHS = (
					"$(inherited)",
					"@executable_path/Frameworks",
					"@executable_path/../../Frameworks",
				);
				PRODUCT_BUNDLE_IDENTIFIER = com.charlesvonlehe.NoteDictate.watchkitapp.watchkitextension;
				PRODUCT_NAME = "${TARGET_NAME}";
				SDKROOT = watchos;
				SKIP_INSTALL = YES;
				SWIFT_VERSION = 4.2;
				TARGETED_DEVICE_FAMILY = 4;
				WATCHOS_DEPLOYMENT_TARGET = 5.1;
			};
			name = Debug;
		};
		47EF275E223705A700ECF305 /* Release */ = {
			isa = XCBuildConfiguration;
			buildSettings = {
				ASSETCATALOG_COMPILER_COMPLICATION_NAME = Complication;
				CODE_SIGN_STYLE = Automatic;
				DEVELOPMENT_TEAM = 4H6FD62WT7;
				INFOPLIST_FILE = "NoteDictate WatchKit Extension/Info.plist";
				LD_RUNPATH_SEARCH_PATHS = (
					"$(inherited)",
					"@executable_path/Frameworks",
					"@executable_path/../../Frameworks",
				);
				PRODUCT_BUNDLE_IDENTIFIER = com.charlesvonlehe.NoteDictate.watchkitapp.watchkitextension;
				PRODUCT_NAME = "${TARGET_NAME}";
				SDKROOT = watchos;
				SKIP_INSTALL = YES;
				SWIFT_VERSION = 4.2;
				TARGETED_DEVICE_FAMILY = 4;
				WATCHOS_DEPLOYMENT_TARGET = 5.1;
			};
			name = Release;
		};
		47EF2761223705A700ECF305 /* Debug */ = {
			isa = XCBuildConfiguration;
			buildSettings = {
				ALWAYS_EMBED_SWIFT_STANDARD_LIBRARIES = YES;
				ASSETCATALOG_COMPILER_APPICON_NAME = AppIcon;
				CODE_SIGN_STYLE = Automatic;
				DEVELOPMENT_TEAM = 4H6FD62WT7;
				IBSC_MODULE = NoteDictate_WatchKit_Extension;
				INFOPLIST_FILE = "NoteDictate WatchKit App/Info.plist";
				PRODUCT_BUNDLE_IDENTIFIER = com.charlesvonlehe.NoteDictate.watchkitapp;
				PRODUCT_NAME = "$(TARGET_NAME)";
				SDKROOT = watchos;
				SKIP_INSTALL = YES;
				SWIFT_VERSION = 4.2;
				TARGETED_DEVICE_FAMILY = 4;
				WATCHOS_DEPLOYMENT_TARGET = 5.1;
			};
			name = Debug;
		};
		47EF2762223705A700ECF305 /* Release */ = {
			isa = XCBuildConfiguration;
			buildSettings = {
				ALWAYS_EMBED_SWIFT_STANDARD_LIBRARIES = YES;
				ASSETCATALOG_COMPILER_APPICON_NAME = AppIcon;
				CODE_SIGN_STYLE = Automatic;
				DEVELOPMENT_TEAM = 4H6FD62WT7;
				IBSC_MODULE = NoteDictate_WatchKit_Extension;
				INFOPLIST_FILE = "NoteDictate WatchKit App/Info.plist";
				PRODUCT_BUNDLE_IDENTIFIER = com.charlesvonlehe.NoteDictate.watchkitapp;
				PRODUCT_NAME = "$(TARGET_NAME)";
				SDKROOT = watchos;
				SKIP_INSTALL = YES;
				SWIFT_VERSION = 4.2;
				TARGETED_DEVICE_FAMILY = 4;
				WATCHOS_DEPLOYMENT_TARGET = 5.1;
			};
			name = Release;
		};
		47EF2765223705A700ECF305 /* Debug */ = {
			isa = XCBuildConfiguration;
			buildSettings = {
				ASSETCATALOG_COMPILER_APPICON_NAME = AppIcon;
				CODE_SIGN_STYLE = Automatic;
				DEVELOPMENT_TEAM = 4H6FD62WT7;
				INFOPLIST_FILE = NoteDictate/Info.plist;
				LD_RUNPATH_SEARCH_PATHS = (
					"$(inherited)",
					"@executable_path/Frameworks",
				);
				PRODUCT_BUNDLE_IDENTIFIER = com.charlesvonlehe.NoteDictate;
				PRODUCT_NAME = "$(TARGET_NAME)";
				SWIFT_VERSION = 4.2;
				TARGETED_DEVICE_FAMILY = "1,2";
			};
			name = Debug;
		};
		47EF2766223705A700ECF305 /* Release */ = {
			isa = XCBuildConfiguration;
			buildSettings = {
				ASSETCATALOG_COMPILER_APPICON_NAME = AppIcon;
				CODE_SIGN_STYLE = Automatic;
				DEVELOPMENT_TEAM = 4H6FD62WT7;
				INFOPLIST_FILE = NoteDictate/Info.plist;
				LD_RUNPATH_SEARCH_PATHS = (
					"$(inherited)",
					"@executable_path/Frameworks",
				);
				PRODUCT_BUNDLE_IDENTIFIER = com.charlesvonlehe.NoteDictate;
				PRODUCT_NAME = "$(TARGET_NAME)";
				SWIFT_VERSION = 4.2;
				TARGETED_DEVICE_FAMILY = "1,2";
			};
			name = Release;
		};
/* End XCBuildConfiguration section */

/* Begin XCConfigurationList section */
		47EF2728223705A400ECF305 /* Build configuration list for PBXProject "NoteDictate" */ = {
			isa = XCConfigurationList;
			buildConfigurations = (
				47EF275A223705A700ECF305 /* Debug */,
				47EF275B223705A700ECF305 /* Release */,
			);
			defaultConfigurationIsVisible = 0;
			defaultConfigurationName = Release;
		};
		47EF275C223705A700ECF305 /* Build configuration list for PBXNativeTarget "NoteDictate WatchKit Extension" */ = {
			isa = XCConfigurationList;
			buildConfigurations = (
				47EF275D223705A700ECF305 /* Debug */,
				47EF275E223705A700ECF305 /* Release */,
			);
			defaultConfigurationIsVisible = 0;
			defaultConfigurationName = Release;
		};
		47EF2760223705A700ECF305 /* Build configuration list for PBXNativeTarget "NoteDictate WatchKit App" */ = {
			isa = XCConfigurationList;
			buildConfigurations = (
				47EF2761223705A700ECF305 /* Debug */,
				47EF2762223705A700ECF305 /* Release */,
			);
			defaultConfigurationIsVisible = 0;
			defaultConfigurationName = Release;
		};
		47EF2764223705A700ECF305 /* Build configuration list for PBXNativeTarget "NoteDictate" */ = {
			isa = XCConfigurationList;
			buildConfigurations = (
				47EF2765223705A700ECF305 /* Debug */,
				47EF2766223705A700ECF305 /* Release */,
			);
			defaultConfigurationIsVisible = 0;
			defaultConfigurationName = Release;
		};
/* End XCConfigurationList section */
	};
	rootObject = 47EF2725223705A400ECF305 /* Project object */;
}
